
Microsoft Visual Studio Solution File, Format Version 12.00
# Visual Studio Version 17
VisualStudioVersion = 17.7.34031.279
MinimumVisualStudioVersion = 10.0.40219.1
Project("{FAE04EC0-301F-11D3-BF4B-00C04F79EFBC}") = "Week1Practice3", "Week1Practice3\Week1Practice3.csproj", "{B8F48EF8-F3DD-4DEA-B9F2-C56BDC2AF823}"
EndProject
Global
	GlobalSection(SolutionConfigurationPlatforms) = preSolution
		Debug|Any CPU = Debug|Any CPU
		Release|Any CPU = Release|Any CPU
	EndGlobalSection
	GlobalSection(ProjectConfigurationPlatforms) = postSolution
		{B8F48EF8-F3DD-4DEA-B9F2-C56BDC2AF823}.Debug|Any CPU.ActiveCfg = Debug|Any CPU
		{B8F48EF8-F3DD-4DEA-B9F2-C56BDC2AF823}.Debug|Any CPU.Build.0 = Debug|Any CPU
		{B8F48EF8-F3DD-4DEA-B9F2-C56BDC2AF823}.Release|Any CPU.ActiveCfg = Release|Any CPU
		{B8F48EF8-F3DD-4DEA-B9F2-C56BDC2AF823}.Release|Any CPU.Build.0 = Release|Any CPU
	EndGlobalSection
	GlobalSection(SolutionProperties) = preSolution
		HideSolutionNode = FALSE
	EndGlobalSection
	GlobalSection(ExtensibilityGlobals) = postSolution
		SolutionGuid = {C33228A4-90E3-498E-A7A8-2A2D687226E5}
	EndGlobalSection
EndGlobal
